Microsoft Visual Studio Solution File, Format Version 12.00
# Visual Studio Version 17
VisualStudioVersion = 17.13.35806.99
MinimumVisualStudioVersion = 10.0.40219.1
Project("{2150E333-8FDC-42A3-9474-1A3956D46DE8}") = "src", "src", "{6D69538D-0440-5330-BA44-76237A4E1E60}"
EndProject
Project("{2150E333-8FDC-42A3-9474-1A3956D46DE8}") = "tests", "tests", "{322594AD-BEA1-577F-B36F-65A2A7C14AD8}"
EndProject
Project("{2150E333-8FDC-42A3-9474-1A3956D46DE8}") = "docs", "docs", "{AB7FE6A3-B79F-5018-9713-0DBEF6145A97}"
	ProjectSection(SolutionItems) = preProject
		docs\AUDIT_AND_TARGET_ARCHITECTURE.md = docs\AUDIT_AND_TARGET_ARCHITECTURE.md
		docs\LOCAL-DEVELOPMENT.md = docs\LOCAL-DEVELOPMENT.md
		docs\PHASE0_AUTONOMOUS_PLATFORM_ARCHITECTURE.md = docs\PHASE0_AUTONOMOUS_PLATFORM_ARCHITECTURE.md
		docs\SECURITY.md = docs\SECURITY.md
		docs\SYSTEM_ARCHITECTURE.md = docs\SYSTEM_ARCHITECTURE.md
	EndProjectSection
EndProject
Project("{2150E333-8FDC-42A3-9474-1A3956D46DE8}") = "Phases", "Phases", "{3728212C-2A63-47AA-A7BB-DE32B364B0C9}"
	ProjectSection(SolutionItems) = preProject
		docs\Phases\PHASE-0-FOUNDATION.md = docs\Phases\PHASE-0-FOUNDATION.md
		docs\Phases\PHASE-1-DOMAIN-CORE-AND-SAFETY-SEAM.md = docs\Phases\PHASE-1-DOMAIN-CORE-AND-SAFETY-SEAM.md
		docs\Phases\PHASE-2-GLOBAL-DATA-AND-INTELLIGENCE-FOUNDATION.md = docs\Phases\PHASE-2-GLOBAL-DATA-AND-INTELLIGENCE-FOUNDATION.md
		docs\Phases\PHASE-3-DETERMINISTIC-ANALYTICS.md = docs\Phases\PHASE-3-DETERMINISTIC-ANALYTICS.md
		docs\Phases\PHASE-4-AI-LAYER.md = docs\Phases\PHASE-4-AI-LAYER.md
		docs\Phases\PHASE-5-OPPORTUNITY-APPROVAL-CAPITAL.md = docs\Phases\PHASE-5-OPPORTUNITY-APPROVAL-CAPITAL.md
		docs\Phases\PHASE-6-CONTINUOUS-OPERATION.md = docs\Phases\PHASE-6-CONTINUOUS-OPERATION.md
		docs\Phases\PHASE-7-VALIDATION.md = docs\Phases\PHASE-7-VALIDATION.md
		docs\Phases\PHASE-8-BOUNDED-AUTONOMY.md = docs\Phases\PHASE-8-BOUNDED-AUTONOMY.md
		docs\Phases\README.md = docs\Phases\README.md
		docs\Phases\ROADMAP.md = docs\Phases\ROADMAP.md
		docs\Phases\VERIFICATION-LOG.md = docs\Phases\VERIFICATION-LOG.md
	EndProjectSection
EndProject
Project("{2150E333-8FDC-42A3-9474-1A3956D46DE8}") = "decisions", "decisions", "{0D92CA48-2D45-46BB-8926-E2FD6A581A1C}"
	ProjectSection(SolutionItems) = preProject
		docs\decisions\0001-phase0-phase1-approved-decisions.md = docs\decisions\0001-phase0-phase1-approved-decisions.md
	EndProjectSection
EndProject
Project("{2150E333-8FDC-42A3-9474-1A3956D46DE8}") = "prompts", "prompts", "{2DFD2C31-DB76-5AFF-9EB2-FB80F63FD519}"
	ProjectSection(SolutionItems) = preProject
		prompts\README.md = prompts\README.md
	EndProjectSection
EndProject
Project("{2150E333-8FDC-42A3-9474-1A3956D46DE8}") = "Solution Items", "Solution Items", "{F5EFA073-9CD8-56B9-93F3-0AD2AD9C994F}"
	ProjectSection(SolutionItems) = preProject
		.editorconfig = .editorconfig
		.gitignore = .gitignore
		.github\workflows\ci.yml = .github\workflows\ci.yml
		Directory.Build.props = Directory.Build.props
		Directory.Packages.props = Directory.Packages.props
		global.json = global.json
		NuGet.config = NuGet.config
	EndProjectSection
EndProject
Project("{FAE04EC0-301F-11D3-BF4B-00C04F79EFBC}") = "AI.Investment.Domain", "src\AI.Investment.Domain\AI.Investment.Domain.csproj", "{C1D5D51F-2A82-56DF-A10B-2CD01822514A}"
EndProject
Project("{FAE04EC0-301F-11D3-BF4B-00C04F79EFBC}") = "AI.Investment.Application", "src\AI.Investment.Application\AI.Investment.Application.csproj", "{242EAD02-CCEF-543E-83D0-86977DED1E69}"
EndProject
Project("{FAE04EC0-301F-11D3-BF4B-00C04F79EFBC}") = "AI.Investment.Infrastructure", "src\AI.Investment.Infrastructure\AI.Investment.Infrastructure.csproj", "{B4A330E4-36F4-5023-BFC5-74735541CC1B}"
EndProject
Project("{FAE04EC0-301F-11D3-BF4B-00C04F79EFBC}") = "AI.Investment.Api", "src\AI.Investment.Api\AI.Investment.Api.csproj", "{55696362-E7FD-59C9-997C-0B6406BE09A1}"
EndProject
Project("{FAE04EC0-301F-11D3-BF4B-00C04F79EFBC}") = "AI.Investment.Domain.UnitTests", "tests\AI.Investment.Domain.UnitTests\AI.Investment.Domain.UnitTests.csproj", "{5B309B88-0173-55FF-9E1B-8A972FFEE718}"
EndProject
Project("{FAE04EC0-301F-11D3-BF4B-00C04F79EFBC}") = "AI.Investment.Application.UnitTests", "tests\AI.Investment.Application.UnitTests\AI.Investment.Application.UnitTests.csproj", "{42E85132-A2C6-55CF-9F1F-16422744F119}"
EndProject
Project("{FAE04EC0-301F-11D3-BF4B-00C04F79EFBC}") = "AI.Investment.Safety.Tests", "tests\AI.Investment.Safety.Tests\AI.Investment.Safety.Tests.csproj", "{0AEEBBE0-E0FB-5B7B-9289-EA23D112C1CC}"
EndProject
Project("{FAE04EC0-301F-11D3-BF4B-00C04F79EFBC}") = "AI.Investment.Architecture.Tests", "tests\AI.Investment.Architecture.Tests\AI.Investment.Architecture.Tests.csproj", "{08F11D04-E99E-55A3-900D-B4BE5FC87216}"
EndProject
Project("{FAE04EC0-301F-11D3-BF4B-00C04F79EFBC}") = "AI.Investment.Integration.Tests", "tests\AI.Investment.Integration.Tests\AI.Investment.Integration.Tests.csproj", "{D590BA04-BF5F-5E30-90E2-FFA223AAE1B7}"
EndProject
Project("{FAE04EC0-301F-11D3-BF4B-00C04F79EFBC}") = "AI.Investment.Api.Tests", "tests\AI.Investment.Api.Tests\AI.Investment.Api.Tests.csproj", "{6380E67C-7D20-54CE-B558-D28A5455A188}"
EndProject
Project("{9A19103F-16F7-4668-BE54-9A1E7A4F7556}") = "AI.Investment.Dashboard", "src\AI.Investment.Dashboard\AI.Investment.Dashboard.csproj", "{A1B2C3D4-1111-4A2B-9C3D-000000000401}"
EndProject
Project("{9A19103F-16F7-4668-BE54-9A1E7A4F7556}") = "AI.Investment.Dashboard.Tests", "tests\AI.Investment.Dashboard.Tests\AI.Investment.Dashboard.Tests.csproj", "{A1B2C3D4-2222-4A2B-9C3D-000000000402}"
EndProject
Global
	GlobalSection(SolutionConfigurationPlatforms) = preSolution
		Debug|Any CPU = Debug|Any CPU
		Release|Any CPU = Release|Any CPU
	EndGlobalSection
	GlobalSection(ProjectConfigurationPlatforms) = postSolution
		{C1D5D51F-2A82-56DF-A10B-2CD01822514A}.Debug|Any CPU.ActiveCfg = Debug|Any CPU
		{C1D5D51F-2A82-56DF-A10B-2CD01822514A}.Debug|Any CPU.Build.0 = Debug|Any CPU
		{C1D5D51F-2A82-56DF-A10B-2CD01822514A}.Release|Any CPU.ActiveCfg = Release|Any CPU
		{C1D5D51F-2A82-56DF-A10B-2CD01822514A}.Release|Any CPU.Build.0 = Release|Any CPU
		{242EAD02-CCEF-543E-83D0-86977DED1E69}.Debug|Any CPU.ActiveCfg = Debug|Any CPU
		{242EAD02-CCEF-543E-83D0-86977DED1E69}.Debug|Any CPU.Build.0 = Debug|Any CPU
		{242EAD02-CCEF-543E-83D0-86977DED1E69}.Release|Any CPU.ActiveCfg = Release|Any CPU
		{242EAD02-CCEF-543E-83D0-86977DED1E69}.Release|Any CPU.Build.0 = Release|Any CPU
		{B4A330E4-36F4-5023-BFC5-74735541CC1B}.Debug|Any CPU.ActiveCfg = Debug|Any CPU
		{B4A330E4-36F4-5023-BFC5-74735541CC1B}.Debug|Any CPU.Build.0 = Debug|Any CPU
		{B4A330E4-36F4-5023-BFC5-74735541CC1B}.Release|Any CPU.ActiveCfg = Release|Any CPU
		{B4A330E4-36F4-5023-BFC5-74735541CC1B}.Release|Any CPU.Build.0 = Release|Any CPU
		{55696362-E7FD-59C9-997C-0B6406BE09A1}.Debug|Any CPU.ActiveCfg = Debug|Any CPU
		{55696362-E7FD-59C9-997C-0B6406BE09A1}.Debug|Any CPU.Build.0 = Debug|Any CPU
		{55696362-E7FD-59C9-997C-0B6406BE09A1}.Release|Any CPU.ActiveCfg = Release|Any CPU
		{55696362-E7FD-59C9-997C-0B6406BE09A1}.Release|Any CPU.Build.0 = Release|Any CPU
		{5B309B88-0173-55FF-9E1B-8A972FFEE718}.Debug|Any CPU.ActiveCfg = Debug|Any CPU
		{5B309B88-0173-55FF-9E1B-8A972FFEE718}.Debug|Any CPU.Build.0 = Debug|Any CPU
		{5B309B88-0173-55FF-9E1B-8A972FFEE718}.Release|Any CPU.ActiveCfg = Release|Any CPU
		{5B309B88-0173-55FF-9E1B-8A972FFEE718}.Release|Any CPU.Build.0 = Release|Any CPU
		{42E85132-A2C6-55CF-9F1F-16422744F119}.Debug|Any CPU.ActiveCfg = Debug|Any CPU
		{42E85132-A2C6-55CF-9F1F-16422744F119}.Debug|Any CPU.Build.0 = Debug|Any CPU
		{42E85132-A2C6-55CF-9F1F-16422744F119}.Release|Any CPU.ActiveCfg = Release|Any CPU
		{42E85132-A2C6-55CF-9F1F-16422744F119}.Release|Any CPU.Build.0 = Release|Any CPU
		{0AEEBBE0-E0FB-5B7B-9289-EA23D112C1CC}.Debug|Any CPU.ActiveCfg = Debug|Any CPU
		{0AEEBBE0-E0FB-5B7B-9289-EA23D112C1CC}.Debug|Any CPU.Build.0 = Debug|Any CPU
		{0AEEBBE0-E0FB-5B7B-9289-EA23D112C1CC}.Release|Any CPU.ActiveCfg = Release|Any CPU
		{0AEEBBE0-E0FB-5B7B-9289-EA23D112C1CC}.Release|Any CPU.Build.0 = Release|Any CPU
		{08F11D04-E99E-55A3-900D-B4BE5FC87216}.Debug|Any CPU.ActiveCfg = Debug|Any CPU
		{08F11D04-E99E-55A3-900D-B4BE5FC87216}.Debug|Any CPU.Build.0 = Debug|Any CPU
		{08F11D04-E99E-55A3-900D-B4BE5FC87216}.Release|Any CPU.ActiveCfg = Release|Any CPU
		{08F11D04-E99E-55A3-900D-B4BE5FC87216}.Release|Any CPU.Build.0 = Release|Any CPU
		{D590BA04-BF5F-5E30-90E2-FFA223AAE1B7}.Debug|Any CPU.ActiveCfg = Debug|Any CPU
		{D590BA04-BF5F-5E30-90E2-FFA223AAE1B7}.Debug|Any CPU.Build.0 = Debug|Any CPU
		{D590BA04-BF5F-5E30-90E2-FFA223AAE1B7}.Release|Any CPU.ActiveCfg = Release|Any CPU
		{D590BA04-BF5F-5E30-90E2-FFA223AAE1B7}.Release|Any CPU.Build.0 = Release|Any CPU
		{6380E67C-7D20-54CE-B558-D28A5455A188}.Debug|Any CPU.ActiveCfg = Debug|Any CPU
		{6380E67C-7D20-54CE-B558-D28A5455A188}.Debug|Any CPU.Build.0 = Debug|Any CPU
		{6380E67C-7D20-54CE-B558-D28A5455A188}.Release|Any CPU.ActiveCfg = Release|Any CPU
		{6380E67C-7D20-54CE-B558-D28A5455A188}.Release|Any CPU.Build.0 = Release|Any CPU
		{A1B2C3D4-1111-4A2B-9C3D-000000000401}.Debug|Any CPU.ActiveCfg = Debug|Any CPU
		{A1B2C3D4-1111-4A2B-9C3D-000000000401}.Debug|Any CPU.Build.0 = Debug|Any CPU
		{A1B2C3D4-1111-4A2B-9C3D-000000000401}.Release|Any CPU.ActiveCfg = Release|Any CPU
		{A1B2C3D4-1111-4A2B-9C3D-000000000401}.Release|Any CPU.Build.0 = Release|Any CPU
		{A1B2C3D4-2222-4A2B-9C3D-000000000402}.Debug|Any CPU.ActiveCfg = Debug|Any CPU
		{A1B2C3D4-2222-4A2B-9C3D-000000000402}.Debug|Any CPU.Build.0 = Debug|Any CPU
		{A1B2C3D4-2222-4A2B-9C3D-000000000402}.Release|Any CPU.ActiveCfg = Release|Any CPU
		{A1B2C3D4-2222-4A2B-9C3D-000000000402}.Release|Any CPU.Build.0 = Release|Any CPU
	EndGlobalSection
	GlobalSection(SolutionProperties) = preSolution
		HideSolutionNode = FALSE
	EndGlobalSection
	GlobalSection(NestedProjects) = preSolution
		{3728212C-2A63-47AA-A7BB-DE32B364B0C9} = {AB7FE6A3-B79F-5018-9713-0DBEF6145A97}
		{0D92CA48-2D45-46BB-8926-E2FD6A581A1C} = {AB7FE6A3-B79F-5018-9713-0DBEF6145A97}
		{C1D5D51F-2A82-56DF-A10B-2CD01822514A} = {6D69538D-0440-5330-BA44-76237A4E1E60}
		{242EAD02-CCEF-543E-83D0-86977DED1E69} = {6D69538D-0440-5330-BA44-76237A4E1E60}
		{B4A330E4-36F4-5023-BFC5-74735541CC1B} = {6D69538D-0440-5330-BA44-76237A4E1E60}
		{55696362-E7FD-59C9-997C-0B6406BE09A1} = {6D69538D-0440-5330-BA44-76237A4E1E60}
		{5B309B88-0173-55FF-9E1B-8A972FFEE718} = {322594AD-BEA1-577F-B36F-65A2A7C14AD8}
		{42E85132-A2C6-55CF-9F1F-16422744F119} = {322594AD-BEA1-577F-B36F-65A2A7C14AD8}
		{0AEEBBE0-E0FB-5B7B-9289-EA23D112C1CC} = {322594AD-BEA1-577F-B36F-65A2A7C14AD8}
		{08F11D04-E99E-55A3-900D-B4BE5FC87216} = {322594AD-BEA1-577F-B36F-65A2A7C14AD8}
		{D590BA04-BF5F-5E30-90E2-FFA223AAE1B7} = {322594AD-BEA1-577F-B36F-65A2A7C14AD8}
		{6380E67C-7D20-54CE-B558-D28A5455A188} = {322594AD-BEA1-577F-B36F-65A2A7C14AD8}
		{A1B2C3D4-1111-4A2B-9C3D-000000000401} = {6D69538D-0440-5330-BA44-76237A4E1E60}
		{A1B2C3D4-2222-4A2B-9C3D-000000000402} = {322594AD-BEA1-577F-B36F-65A2A7C14AD8}
	EndGlobalSection
	GlobalSection(ExtensibilityGlobals) = postSolution
		SolutionGuid = {3D4AFD62-D197-469B-B5F4-3D72F327E600}
	EndGlobalSection
EndGlobal
